// !$*UTF8*$!
{
	archiveVersion = 1;
	classes = {
	};
	objectVersion = 46;
	objects = {

/* Begin PBXBuildFile section */
		D50881A51A0ABF95007CA193 /* CoreDataStack+Importing.swift in Sources */ = {isa = PBXBuildFile; fileRef = D50881A41A0ABF95007CA193 /* CoreDataStack+Importing.swift */; };
		D50881A71A0AC2CD007CA193 /* CoreDataStack+ImportingTests.swift in Sources */ = {isa = PBXBuildFile; fileRef = D50881A61A0AC2CD007CA193 /* CoreDataStack+ImportingTests.swift */; };
		D5093C6A19EF9B5700139262 /* NSPersistentStoreCoordinatorTests.swift in Sources */ = {isa = PBXBuildFile; fileRef = D5093C6919EF9B5700139262 /* NSPersistentStoreCoordinatorTests.swift */; };
		D5098CDD1A052D9F000CC246 /* ManagedObjectObserverTests.swift in Sources */ = {isa = PBXBuildFile; fileRef = D5098CDC1A052D9F000CC246 /* ManagedObjectObserverTests.swift */; };
		D51AFE161965266000287A2D /* NSPersistentStoreCoordinator.swift in Sources */ = {isa = PBXBuildFile; fileRef = D51AFE151965266000287A2D /* NSPersistentStoreCoordinator.swift */; };
		D5253DA119F12F1C00E8B4AF /* NSManagedObject+Importing.swift in Sources */ = {isa = PBXBuildFile; fileRef = D5253DA019F12F1C00E8B4AF /* NSManagedObject+Importing.swift */; };
		D5253DA319F1398600E8B4AF /* NSManagedObjectContext+Importing.swift in Sources */ = {isa = PBXBuildFile; fileRef = D5253DA219F1398600E8B4AF /* NSManagedObjectContext+Importing.swift */; };
		D5253DA519F1491E00E8B4AF /* NamedManagedObject.swift in Sources */ = {isa = PBXBuildFile; fileRef = D5253DA419F1491E00E8B4AF /* NamedManagedObject.swift */; };
		D5253DA719F1591000E8B4AF /* EmployeeIncorrectEntityName.swift in Sources */ = {isa = PBXBuildFile; fileRef = D5253DA619F1591000E8B4AF /* EmployeeIncorrectEntityName.swift */; };
		D532100E19F8D63D007C9DCD /* EmployeesWithNull.json in Resources */ = {isa = PBXBuildFile; fileRef = D532100D19F8D63D007C9DCD /* EmployeesWithNull.json */; };
		D532101019F8DA4D007C9DCD /* EmployeesWithOmittedField.json in Resources */ = {isa = PBXBuildFile; fileRef = D532100F19F8DA4D007C9DCD /* EmployeesWithOmittedField.json */; };
		D540D82C19FE2A5E00769B84 /* Types+Importing.swift in Sources */ = {isa = PBXBuildFile; fileRef = D540D82B19FE2A5E00769B84 /* Types+Importing.swift */; };
		D55152D1196A739500857453 /* NSPersistentStore.swift in Sources */ = {isa = PBXBuildFile; fileRef = D55152D0196A739500857453 /* NSPersistentStore.swift */; };
		D553FD971959505800E71FCE /* NSManagedObjectContext.swift in Sources */ = {isa = PBXBuildFile; fileRef = D553FD961959505800E71FCE /* NSManagedObjectContext.swift */; };
		D556DF8D19EF8C71008556A8 /* CoreDataStackTests.swift in Sources */ = {isa = PBXBuildFile; fileRef = D556DF8C19EF8C71008556A8 /* CoreDataStackTests.swift */; };
		D566F6AE19F0DCA0003C503F /* NSPropertyDescription+Importing.swift in Sources */ = {isa = PBXBuildFile; fileRef = D566F6AD19F0DCA0003C503F /* NSPropertyDescription+Importing.swift */; };
		D566F6B219F0F277003C503F /* JsonDecode+Importing.swift in Sources */ = {isa = PBXBuildFile; fileRef = D566F6B119F0F277003C503F /* JsonDecode+Importing.swift */; };
		D56E1EAA19FF7409006A280C /* EmployeesNestedEmbeddingRelation.json in Resources */ = {isa = PBXBuildFile; fileRef = D56E1EA919FF7409006A280C /* EmployeesNestedEmbeddingRelation.json */; };
		D56E1EAC19FF749B006A280C /* EmployeeWithRelationEmbedding.swift in Sources */ = {isa = PBXBuildFile; fileRef = D56E1EAB19FF749B006A280C /* EmployeeWithRelationEmbedding.swift */; };
		D56E1EAE19FF749B006A280C /* Salary.swift in Sources */ = {isa = PBXBuildFile; fileRef = D56E1EAD19FF749B006A280C /* Salary.swift */; };
		D58D29D919F83604006D3B07 /* EmployeesNestedRelation.json in Resources */ = {isa = PBXBuildFile; fileRef = D58D29D819F83604006D3B07 /* EmployeesNestedRelation.json */; };
		D595F67F19EEDE6000D73790 /* Employee.swift in Sources */ = {isa = PBXBuildFile; fileRef = D595F67E19EEDE6000D73790 /* Employee.swift */; };
		D595F68119EEE17B00D73790 /* Model.xcdatamodeld in Sources */ = {isa = PBXBuildFile; fileRef = D595F67B19EEDE3100D73790 /* Model.xcdatamodeld */; };
		D595F68319EEE23000D73790 /* TestCase.swift in Sources */ = {isa = PBXBuildFile; fileRef = D595F68219EEE23000D73790 /* TestCase.swift */; };
		D595F68519EF0EA100D73790 /* CoreDataStack.swift in Sources */ = {isa = PBXBuildFile; fileRef = D595F68419EF0EA100D73790 /* CoreDataStack.swift */; };
		D595F68719EF0ED800D73790 /* Types.swift in Sources */ = {isa = PBXBuildFile; fileRef = D595F68619EF0ED800D73790 /* Types.swift */; };
		D5B474B819F012F9004132F8 /* NSEntityDescription+Importing.swift in Sources */ = {isa = PBXBuildFile; fileRef = D5B474B719F012F9004132F8 /* NSEntityDescription+Importing.swift */; };
		D5B474BA19F0181F004132F8 /* NSAttributeDescription+Importing.swift in Sources */ = {isa = PBXBuildFile; fileRef = D5B474B919F0181F004132F8 /* NSAttributeDescription+Importing.swift */; };
		D5BD629F1A01587800098343 /* TableViewFetchedResultsControllerDelegate.swift in Sources */ = {isa = PBXBuildFile; fileRef = D5BD629E1A01587800098343 /* TableViewFetchedResultsControllerDelegate.swift */; };
		D5C4B96719FEBB390058F0AC /* NSRelationshipDescription+Importing.swift in Sources */ = {isa = PBXBuildFile; fileRef = D5C4B96619FEBB390058F0AC /* NSRelationshipDescription+Importing.swift */; };
		D5C6C63F19EEC6D60035BFFF /* NSManagedObjectContextTests.swift in Sources */ = {isa = PBXBuildFile; fileRef = D5C6C63E19EEC6D60035BFFF /* NSManagedObjectContextTests.swift */; };
		D5D7C6C81958B8CF0048B576 /* CoreDataKit.framework in Frameworks */ = {isa = PBXBuildFile; fileRef = D5D7C6BC1958B8CF0048B576 /* CoreDataKit.framework */; };
		D5D7C6CF1958B8CF0048B576 /* CoreDataKitTests.swift in Sources */ = {isa = PBXBuildFile; fileRef = D5D7C6CE1958B8CF0048B576 /* CoreDataKitTests.swift */; };
		D5D7C6D91958B9300048B576 /* CDK.swift in Sources */ = {isa = PBXBuildFile; fileRef = D5D7C6D81958B9300048B576 /* CDK.swift */; };
		D5D8E81C1A0363A300991FEA /* ManagedObjectObserver.swift in Sources */ = {isa = PBXBuildFile; fileRef = D5D8E81B1A0363A300991FEA /* ManagedObjectObserver.swift */; };
		D5EDACE319EF950B00FAC712 /* NSPersistentStoreTests.swift in Sources */ = {isa = PBXBuildFile; fileRef = D5EDACE219EF950B00FAC712 /* NSPersistentStoreTests.swift */; };
		D5FE0FBE19F28340008DC1ED /* Employees.json in Resources */ = {isa = PBXBuildFile; fileRef = D5FE0FBD19F28340008DC1ED /* Employees.json */; };
		D5FE0FC019F286DF008DC1ED /* NSManagedObject+ImportingTests.swift in Sources */ = {isa = PBXBuildFile; fileRef = D5FE0FBF19F286DF008DC1ED /* NSManagedObject+ImportingTests.swift */; };
		D5FE0FC419F29FFD008DC1ED /* EmployeeImportable.swift in Sources */ = {isa = PBXBuildFile; fileRef = D5FE0FC319F29FFD008DC1ED /* EmployeeImportable.swift */; };
		D5FE0FC619F4E0D3008DC1ED /* Car.swift in Sources */ = {isa = PBXBuildFile; fileRef = D5FE0FC519F4E0D3008DC1ED /* Car.swift */; };
		D5FE0FC819F4E0D4008DC1ED /* EmployeeWithRelations.swift in Sources */ = {isa = PBXBuildFile; fileRef = D5FE0FC719F4E0D4008DC1ED /* EmployeeWithRelations.swift */; };
		D5FE0FCC19F4EAC6008DC1ED /* EmployeesReferencedRelation.json in Resources */ = {isa = PBXBuildFile; fileRef = D5FE0FCB19F4EAC6008DC1ED /* EmployeesReferencedRelation.json */; };
/* End PBXBuildFile section */

/* Begin PBXContainerItemProxy section */
		D5D7C6C91958B8CF0048B576 /* PBXContainerItemProxy */ = {
			isa = PBXContainerItemProxy;
			containerPortal = D5D7C6B31958B8CF0048B576 /* Project object */;
			proxyType = 1;
			remoteGlobalIDString = D5D7C6BB1958B8CF0048B576;
			remoteInfo = CoreDataKit;
		};
/* End PBXContainerItemProxy section */

/* Begin PBXFileReference section */
		D50881A41A0ABF95007CA193 /* CoreDataStack+Importing.swift */ = {isa = PBXFileReference; fileEncoding = 4; lastKnownFileType = sourcecode.swift; path = "CoreDataStack+Importing.swift"; sourceTree = "<group>"; };
		D50881A61A0AC2CD007CA193 /* CoreDataStack+ImportingTests.swift */ = {isa = PBXFileReference; fileEncoding = 4; lastKnownFileType = sourcecode.swift; path = "CoreDataStack+ImportingTests.swift"; sourceTree = "<group>"; };
		D5093C6919EF9B5700139262 /* NSPersistentStoreCoordinatorTests.swift */ = {isa = PBXFileReference; fileEncoding = 4; lastKnownFileType = sourcecode.swift; path = NSPersistentStoreCoordinatorTests.swift; sourceTree = "<group>"; };
		D5098CDC1A052D9F000CC246 /* ManagedObjectObserverTests.swift */ = {isa = PBXFileReference; fileEncoding = 4; lastKnownFileType = sourcecode.swift; path = ManagedObjectObserverTests.swift; sourceTree = "<group>"; };
		D51AFE151965266000287A2D /* NSPersistentStoreCoordinator.swift */ = {isa = PBXFileReference; fileEncoding = 4; lastKnownFileType = sourcecode.swift; path = NSPersistentStoreCoordinator.swift; sourceTree = "<group>"; };
		D5253DA019F12F1C00E8B4AF /* NSManagedObject+Importing.swift */ = {isa = PBXFileReference; fileEncoding = 4; lastKnownFileType = sourcecode.swift; lineEnding = 0; path = "NSManagedObject+Importing.swift"; sourceTree = "<group>"; xcLanguageSpecificationIdentifier = xcode.lang.swift; };
		D5253DA219F1398600E8B4AF /* NSManagedObjectContext+Importing.swift */ = {isa = PBXFileReference; fileEncoding = 4; lastKnownFileType = sourcecode.swift; path = "NSManagedObjectContext+Importing.swift"; sourceTree = "<group>"; };
		D5253DA419F1491E00E8B4AF /* NamedManagedObject.swift */ = {isa = PBXFileReference; fileEncoding = 4; lastKnownFileType = sourcecode.swift; path = NamedManagedObject.swift; sourceTree = "<group>"; };
		D5253DA619F1591000E8B4AF /* EmployeeIncorrectEntityName.swift */ = {isa = PBXFileReference; fileEncoding = 4; lastKnownFileType = sourcecode.swift; path = EmployeeIncorrectEntityName.swift; sourceTree = "<group>"; };
		D532100D19F8D63D007C9DCD /* EmployeesWithNull.json */ = {isa = PBXFileReference; fileEncoding = 4; lastKnownFileType = text.json; path = EmployeesWithNull.json; sourceTree = "<group>"; };
		D532100F19F8DA4D007C9DCD /* EmployeesWithOmittedField.json */ = {isa = PBXFileReference; fileEncoding = 4; lastKnownFileType = text.json; path = EmployeesWithOmittedField.json; sourceTree = "<group>"; };
		D540D82B19FE2A5E00769B84 /* Types+Importing.swift */ = {isa = PBXFileReference; fileEncoding = 4; lastKnownFileType = sourcecode.swift; lineEnding = 0; path = "Types+Importing.swift"; sourceTree = "<group>"; xcLanguageSpecificationIdentifier = xcode.lang.swift; };
		D55152D0196A739500857453 /* NSPersistentStore.swift */ = {isa = PBXFileReference; fileEncoding = 4; lastKnownFileType = sourcecode.swift; path = NSPersistentStore.swift; sourceTree = "<group>"; };
		D553FD961959505800E71FCE /* NSManagedObjectContext.swift */ = {isa = PBXFileReference; fileEncoding = 4; lastKnownFileType = sourcecode.swift; path = NSManagedObjectContext.swift; sourceTree = "<group>"; };
		D556DF8C19EF8C71008556A8 /* CoreDataStackTests.swift */ = {isa = PBXFileReference; fileEncoding = 4; lastKnownFileType = sourcecode.swift; path = CoreDataStackTests.swift; sourceTree = "<group>"; };
		D566F6AD19F0DCA0003C503F /* NSPropertyDescription+Importing.swift */ = {isa = PBXFileReference; fileEncoding = 4; lastKnownFileType = sourcecode.swift; path = "NSPropertyDescription+Importing.swift"; sourceTree = "<group>"; };
		D566F6B119F0F277003C503F /* JsonDecode+Importing.swift */ = {isa = PBXFileReference; fileEncoding = 4; lastKnownFileType = sourcecode.swift; path = "JsonDecode+Importing.swift"; sourceTree = "<group>"; };
		D56E1EA919FF7409006A280C /* EmployeesNestedEmbeddingRelation.json */ = {isa = PBXFileReference; fileEncoding = 4; lastKnownFileType = text.json; path = EmployeesNestedEmbeddingRelation.json; sourceTree = "<group>"; };
		D56E1EAB19FF749B006A280C /* EmployeeWithRelationEmbedding.swift */ = {isa = PBXFileReference; fileEncoding = 4; lastKnownFileType = sourcecode.swift; lineEnding = 0; path = EmployeeWithRelationEmbedding.swift; sourceTree = "<group>"; xcLanguageSpecificationIdentifier = xcode.lang.swift; };
		D56E1EAD19FF749B006A280C /* Salary.swift */ = {isa = PBXFileReference; fileEncoding = 4; lastKnownFileType = sourcecode.swift; lineEnding = 0; path = Salary.swift; sourceTree = "<group>"; xcLanguageSpecificationIdentifier = xcode.lang.swift; };
		D58D29D819F83604006D3B07 /* EmployeesNestedRelation.json */ = {isa = PBXFileReference; fileEncoding = 4; lastKnownFileType = text.json; path = EmployeesNestedRelation.json; sourceTree = "<group>"; };
		D595F67C19EEDE3100D73790 /* Model.xcdatamodel */ = {isa = PBXFileReference; lastKnownFileType = wrapper.xcdatamodel; path = Model.xcdatamodel; sourceTree = "<group>"; };
		D595F67E19EEDE6000D73790 /* Employee.swift */ = {isa = PBXFileReference; fileEncoding = 4; lastKnownFileType = sourcecode.swift; path = Employee.swift; sourceTree = "<group>"; };
		D595F68219EEE23000D73790 /* TestCase.swift */ = {isa = PBXFileReference; fileEncoding = 4; lastKnownFileType = sourcecode.swift; path = TestCase.swift; sourceTree = "<group>"; };
		D595F68419EF0EA100D73790 /* CoreDataStack.swift */ = {isa = PBXFileReference; fileEncoding = 4; lastKnownFileType = sourcecode.swift; path = CoreDataStack.swift; sourceTree = "<group>"; };
		D595F68619EF0ED800D73790 /* Types.swift */ = {isa = PBXFileReference; fileEncoding = 4; lastKnownFileType = sourcecode.swift; path = Types.swift; sourceTree = "<group>"; };
		D5B474B719F012F9004132F8 /* NSEntityDescription+Importing.swift */ = {isa = PBXFileReference; fileEncoding = 4; lastKnownFileType = sourcecode.swift; path = "NSEntityDescription+Importing.swift"; sourceTree = "<group>"; };
		D5B474B919F0181F004132F8 /* NSAttributeDescription+Importing.swift */ = {isa = PBXFileReference; fileEncoding = 4; lastKnownFileType = sourcecode.swift; path = "NSAttributeDescription+Importing.swift"; sourceTree = "<group>"; };
		D5BD629E1A01587800098343 /* TableViewFetchedResultsControllerDelegate.swift */ = {isa = PBXFileReference; fileEncoding = 4; lastKnownFileType = sourcecode.swift; path = TableViewFetchedResultsControllerDelegate.swift; sourceTree = "<group>"; };
		D5C4B96619FEBB390058F0AC /* NSRelationshipDescription+Importing.swift */ = {isa = PBXFileReference; fileEncoding = 4; lastKnownFileType = sourcecode.swift; path = "NSRelationshipDescription+Importing.swift"; sourceTree = "<group>"; };
		D5C6C63E19EEC6D60035BFFF /* NSManagedObjectContextTests.swift */ = {isa = PBXFileReference; fileEncoding = 4; lastKnownFileType = sourcecode.swift; path = NSManagedObjectContextTests.swift; sourceTree = "<group>"; };
		D5D7C6BC1958B8CF0048B576 /* CoreDataKit.framework */ = {isa = PBXFileReference; explicitFileType = wrapper.framework; includeInIndex = 0; path = CoreDataKit.framework; sourceTree = BUILT_PRODUCTS_DIR; };
		D5D7C6C01958B8CF0048B576 /* Info.plist */ = {isa = PBXFileReference; lastKnownFileType = text.plist.xml; path = Info.plist; sourceTree = "<group>"; };
		D5D7C6C71958B8CF0048B576 /* CoreDataKitTests.xctest */ = {isa = PBXFileReference; explicitFileType = wrapper.cfbundle; includeInIndex = 0; path = CoreDataKitTests.xctest; sourceTree = BUILT_PRODUCTS_DIR; };
		D5D7C6CD1958B8CF0048B576 /* Info.plist */ = {isa = PBXFileReference; lastKnownFileType = text.plist.xml; path = Info.plist; sourceTree = "<group>"; };
		D5D7C6CE1958B8CF0048B576 /* CoreDataKitTests.swift */ = {isa = PBXFileReference; lastKnownFileType = sourcecode.swift; path = CoreDataKitTests.swift; sourceTree = "<group>"; };
		D5D7C6D81958B9300048B576 /* CDK.swift */ = {isa = PBXFileReference; fileEncoding = 4; lastKnownFileType = sourcecode.swift; path = CDK.swift; sourceTree = "<group>"; };
		D5D8E81B1A0363A300991FEA /* ManagedObjectObserver.swift */ = {isa = PBXFileReference; fileEncoding = 4; lastKnownFileType = sourcecode.swift; path = ManagedObjectObserver.swift; sourceTree = "<group>"; };
		D5EDACE219EF950B00FAC712 /* NSPersistentStoreTests.swift */ = {isa = PBXFileReference; fileEncoding = 4; lastKnownFileType = sourcecode.swift; path = NSPersistentStoreTests.swift; sourceTree = "<group>"; };
		D5FE0FBD19F28340008DC1ED /* Employees.json */ = {isa = PBXFileReference; fileEncoding = 4; lastKnownFileType = text.json; path = Employees.json; sourceTree = "<group>"; };
		D5FE0FBF19F286DF008DC1ED /* NSManagedObject+ImportingTests.swift */ = {isa = PBXFileReference; fileEncoding = 4; lastKnownFileType = sourcecode.swift; lineEnding = 0; path = "NSManagedObject+ImportingTests.swift"; sourceTree = "<group>"; xcLanguageSpecificationIdentifier = xcode.lang.swift; };
		D5FE0FC319F29FFD008DC1ED /* EmployeeImportable.swift */ = {isa = PBXFileReference; fileEncoding = 4; lastKnownFileType = sourcecode.swift; path = EmployeeImportable.swift; sourceTree = "<group>"; };
		D5FE0FC519F4E0D3008DC1ED /* Car.swift */ = {isa = PBXFileReference; fileEncoding = 4; lastKnownFileType = sourcecode.swift; path = Car.swift; sourceTree = "<group>"; };
		D5FE0FC719F4E0D4008DC1ED /* EmployeeWithRelations.swift */ = {isa = PBXFileReference; fileEncoding = 4; lastKnownFileType = sourcecode.swift; path = EmployeeWithRelations.swift; sourceTree = "<group>"; };
		D5FE0FCB19F4EAC6008DC1ED /* EmployeesReferencedRelation.json */ = {isa = PBXFileReference; fileEncoding = 4; lastKnownFileType = text.json; path = EmployeesReferencedRelation.json; sourceTree = "<group>"; };
/* End PBXFileReference section */

/* Begin PBXFrameworksBuildPhase section */
		D5D7C6B81958B8CF0048B576 /* Frameworks */ = {
			isa = PBXFrameworksBuildPhase;
			buildActionMask = 2147483647;
			files = (
			);
			runOnlyForDeploymentPostprocessing = 0;
		};
		D5D7C6C41958B8CF0048B576 /* Frameworks */ = {
			isa = PBXFrameworksBuildPhase;
			buildActionMask = 2147483647;
			files = (
				D5D7C6C81958B8CF0048B576 /* CoreDataKit.framework in Frameworks */,
			);
			runOnlyForDeploymentPostprocessing = 0;
		};
/* End PBXFrameworksBuildPhase section */

/* Begin PBXGroup section */
		D5090B3C19EDB8AA000D66C5 /* Importing */ = {
			isa = PBXGroup;
			children = (
				D50881A41A0ABF95007CA193 /* CoreDataStack+Importing.swift */,
				D540D82B19FE2A5E00769B84 /* Types+Importing.swift */,
				D566F6B119F0F277003C503F /* JsonDecode+Importing.swift */,
				D5B474B919F0181F004132F8 /* NSAttributeDescription+Importing.swift */,
				D5B474B719F012F9004132F8 /* NSEntityDescription+Importing.swift */,
				D5253DA019F12F1C00E8B4AF /* NSManagedObject+Importing.swift */,
				D5253DA219F1398600E8B4AF /* NSManagedObjectContext+Importing.swift */,
				D566F6AD19F0DCA0003C503F /* NSPropertyDescription+Importing.swift */,
				D5C4B96619FEBB390058F0AC /* NSRelationshipDescription+Importing.swift */,
			);
			path = Importing;
			sourceTree = "<group>";
		};
		D595F67A19EEDD8800D73790 /* Fixtures */ = {
			isa = PBXGroup;
			children = (
				D595F67B19EEDE3100D73790 /* Model.xcdatamodeld */,
				D5FE0FC519F4E0D3008DC1ED /* Car.swift */,
				D56E1EAD19FF749B006A280C /* Salary.swift */,
				D595F67E19EEDE6000D73790 /* Employee.swift */,
				D5FE0FC319F29FFD008DC1ED /* EmployeeImportable.swift */,
				D5253DA619F1591000E8B4AF /* EmployeeIncorrectEntityName.swift */,
				D5FE0FC719F4E0D4008DC1ED /* EmployeeWithRelations.swift */,
				D56E1EAB19FF749B006A280C /* EmployeeWithRelationEmbedding.swift */,
				D5FE0FBD19F28340008DC1ED /* Employees.json */,
				D532100D19F8D63D007C9DCD /* EmployeesWithNull.json */,
				D532100F19F8DA4D007C9DCD /* EmployeesWithOmittedField.json */,
				D58D29D819F83604006D3B07 /* EmployeesNestedRelation.json */,
				D5FE0FCB19F4EAC6008DC1ED /* EmployeesReferencedRelation.json */,
				D56E1EA919FF7409006A280C /* EmployeesNestedEmbeddingRelation.json */,
			);
			path = Fixtures;
			sourceTree = "<group>";
		};
		D5D7C6B21958B8CF0048B576 = {
			isa = PBXGroup;
			children = (
				D5D7C6BE1958B8CF0048B576 /* CoreDataKit */,
				D5D7C6CB1958B8CF0048B576 /* CoreDataKitTests */,
				D5D7C6BD1958B8CF0048B576 /* Products */,
			);
			sourceTree = "<group>";
		};
		D5D7C6BD1958B8CF0048B576 /* Products */ = {
			isa = PBXGroup;
			children = (
				D5D7C6BC1958B8CF0048B576 /* CoreDataKit.framework */,
				D5D7C6C71958B8CF0048B576 /* CoreDataKitTests.xctest */,
			);
			name = Products;
			sourceTree = "<group>";
		};
		D5D7C6BE1958B8CF0048B576 /* CoreDataKit */ = {
			isa = PBXGroup;
			children = (
				D595F68619EF0ED800D73790 /* Types.swift */,
				D5D7C6D81958B9300048B576 /* CDK.swift */,
				D595F68419EF0EA100D73790 /* CoreDataStack.swift */,
				D5D8E81B1A0363A300991FEA /* ManagedObjectObserver.swift */,
				D5253DA419F1491E00E8B4AF /* NamedManagedObject.swift */,
				D553FD961959505800E71FCE /* NSManagedObjectContext.swift */,
				D55152D0196A739500857453 /* NSPersistentStore.swift */,
				D51AFE151965266000287A2D /* NSPersistentStoreCoordinator.swift */,
				D5BD629E1A01587800098343 /* TableViewFetchedResultsControllerDelegate.swift */,
				D5090B3C19EDB8AA000D66C5 /* Importing */,
				D5D7C6BF1958B8CF0048B576 /* Supporting Files */,
			);
			path = CoreDataKit;
			sourceTree = "<group>";
		};
		D5D7C6BF1958B8CF0048B576 /* Supporting Files */ = {
			isa = PBXGroup;
			children = (
				D5D7C6C01958B8CF0048B576 /* Info.plist */,
			);
			name = "Supporting Files";
			sourceTree = "<group>";
		};
		D5D7C6CB1958B8CF0048B576 /* CoreDataKitTests */ = {
			isa = PBXGroup;
			children = (
				D595F68219EEE23000D73790 /* TestCase.swift */,
				D5D7C6CE1958B8CF0048B576 /* CoreDataKitTests.swift */,
				D556DF8C19EF8C71008556A8 /* CoreDataStackTests.swift */,
				D5098CDC1A052D9F000CC246 /* ManagedObjectObserverTests.swift */,
				D5C6C63E19EEC6D60035BFFF /* NSManagedObjectContextTests.swift */,
				D5EDACE219EF950B00FAC712 /* NSPersistentStoreTests.swift */,
				D5093C6919EF9B5700139262 /* NSPersistentStoreCoordinatorTests.swift */,
				D5FD050419EFF68200AC0F9F /* Importing */,
				D595F67A19EEDD8800D73790 /* Fixtures */,
				D5D7C6CC1958B8CF0048B576 /* Supporting Files */,
			);
			path = CoreDataKitTests;
			sourceTree = "<group>";
		};
		D5D7C6CC1958B8CF0048B576 /* Supporting Files */ = {
			isa = PBXGroup;
			children = (
				D5D7C6CD1958B8CF0048B576 /* Info.plist */,
			);
			name = "Supporting Files";
			sourceTree = "<group>";
		};
		D5FD050419EFF68200AC0F9F /* Importing */ = {
			isa = PBXGroup;
			children = (
				D50881A61A0AC2CD007CA193 /* CoreDataStack+ImportingTests.swift */,
				D5FE0FBF19F286DF008DC1ED /* NSManagedObject+ImportingTests.swift */,
			);
			path = Importing;
			sourceTree = "<group>";
		};
/* End PBXGroup section */

/* Begin PBXHeadersBuildPhase section */
		D5D7C6B91958B8CF0048B576 /* Headers */ = {
			isa = PBXHeadersBuildPhase;
			buildActionMask = 2147483647;
			files = (
			);
			runOnlyForDeploymentPostprocessing = 0;
		};
/* End PBXHeadersBuildPhase section */

/* Begin PBXNativeTarget section */
		D5D7C6BB1958B8CF0048B576 /* CoreDataKit */ = {
			isa = PBXNativeTarget;
			buildConfigurationList = D5D7C6D21958B8CF0048B576 /* Build configuration list for PBXNativeTarget "CoreDataKit" */;
			buildPhases = (
				D5D7C6B71958B8CF0048B576 /* Sources */,
				D5D7C6B81958B8CF0048B576 /* Frameworks */,
				D5D7C6B91958B8CF0048B576 /* Headers */,
				D5D7C6BA1958B8CF0048B576 /* Resources */,
			);
			buildRules = (
			);
			dependencies = (
			);
			name = CoreDataKit;
			productName = CoreDataKit;
			productReference = D5D7C6BC1958B8CF0048B576 /* CoreDataKit.framework */;
			productType = "com.apple.product-type.framework";
		};
		D5D7C6C61958B8CF0048B576 /* CoreDataKitTests */ = {
			isa = PBXNativeTarget;
			buildConfigurationList = D5D7C6D51958B8CF0048B576 /* Build configuration list for PBXNativeTarget "CoreDataKitTests" */;
			buildPhases = (
				D5D7C6C31958B8CF0048B576 /* Sources */,
				D5D7C6C41958B8CF0048B576 /* Frameworks */,
				D5D7C6C51958B8CF0048B576 /* Resources */,
			);
			buildRules = (
			);
			dependencies = (
				D5D7C6CA1958B8CF0048B576 /* PBXTargetDependency */,
			);
			name = CoreDataKitTests;
			productName = CoreDataKitTests;
			productReference = D5D7C6C71958B8CF0048B576 /* CoreDataKitTests.xctest */;
			productType = "com.apple.product-type.bundle.unit-test";
		};
/* End PBXNativeTarget section */

/* Begin PBXProject section */
		D5D7C6B31958B8CF0048B576 /* Project object */ = {
			isa = PBXProject;
			attributes = {
				LastUpgradeCheck = 0600;
				ORGANIZATIONNAME = "Mathijs Kadijk";
				TargetAttributes = {
					D5D7C6BB1958B8CF0048B576 = {
						CreatedOnToolsVersion = 6.0;
					};
					D5D7C6C61958B8CF0048B576 = {
						CreatedOnToolsVersion = 6.0;
						TestTargetID = D5D7C6BB1958B8CF0048B576;
					};
				};
			};
			buildConfigurationList = D5D7C6B61958B8CF0048B576 /* Build configuration list for PBXProject "CoreDataKit" */;
			compatibilityVersion = "Xcode 3.2";
			developmentRegion = English;
			hasScannedForEncodings = 0;
			knownRegions = (
				en,
			);
			mainGroup = D5D7C6B21958B8CF0048B576;
			productRefGroup = D5D7C6BD1958B8CF0048B576 /* Products */;
			projectDirPath = "";
			projectRoot = "";
			targets = (
				D5D7C6BB1958B8CF0048B576 /* CoreDataKit */,
				D5D7C6C61958B8CF0048B576 /* CoreDataKitTests */,
			);
		};
/* End PBXProject section */

/* Begin PBXResourcesBuildPhase section */
		D5D7C6BA1958B8CF0048B576 /* Resources */ = {
			isa = PBXResourcesBuildPhase;
			buildActionMask = 2147483647;
			files = (
			);
			runOnlyForDeploymentPostprocessing = 0;
		};
		D5D7C6C51958B8CF0048B576 /* Resources */ = {
			isa = PBXResourcesBuildPhase;
			buildActionMask = 2147483647;
			files = (
				D532100E19F8D63D007C9DCD /* EmployeesWithNull.json in Resources */,
				D5FE0FBE19F28340008DC1ED /* Employees.json in Resources */,
				D5FE0FCC19F4EAC6008DC1ED /* EmployeesReferencedRelation.json in Resources */,
				D532101019F8DA4D007C9DCD /* EmployeesWithOmittedField.json in Resources */,
				D56E1EAA19FF7409006A280C /* EmployeesNestedEmbeddingRelation.json in Resources */,
				D58D29D919F83604006D3B07 /* EmployeesNestedRelation.json in Resources */,
			);
			runOnlyForDeploymentPostprocessing = 0;
		};
/* End PBXResourcesBuildPhase section */

/* Begin PBXSourcesBuildPhase section */
		D5D7C6B71958B8CF0048B576 /* Sources */ = {
			isa = PBXSourcesBuildPhase;
			buildActionMask = 2147483647;
			files = (
				D5B474BA19F0181F004132F8 /* NSAttributeDescription+Importing.swift in Sources */,
				D566F6B219F0F277003C503F /* JsonDecode+Importing.swift in Sources */,
				D5C4B96719FEBB390058F0AC /* NSRelationshipDescription+Importing.swift in Sources */,
				D50881A51A0ABF95007CA193 /* CoreDataStack+Importing.swift in Sources */,
				D5253DA319F1398600E8B4AF /* NSManagedObjectContext+Importing.swift in Sources */,
				D595F68519EF0EA100D73790 /* CoreDataStack.swift in Sources */,
				D5253DA119F12F1C00E8B4AF /* NSManagedObject+Importing.swift in Sources */,
				D5D8E81C1A0363A300991FEA /* ManagedObjectObserver.swift in Sources */,
				D5D7C6D91958B9300048B576 /* CDK.swift in Sources */,
				D55152D1196A739500857453 /* NSPersistentStore.swift in Sources */,
				D5BD629F1A01587800098343 /* TableViewFetchedResultsControllerDelegate.swift in Sources */,
				D540D82C19FE2A5E00769B84 /* Types+Importing.swift in Sources */,
				D595F68719EF0ED800D73790 /* Types.swift in Sources */,
				D5B474B819F012F9004132F8 /* NSEntityDescription+Importing.swift in Sources */,
				D566F6AE19F0DCA0003C503F /* NSPropertyDescription+Importing.swift in Sources */,
				D5253DA519F1491E00E8B4AF /* NamedManagedObject.swift in Sources */,
				D51AFE161965266000287A2D /* NSPersistentStoreCoordinator.swift in Sources */,
				D553FD971959505800E71FCE /* NSManagedObjectContext.swift in Sources */,
			);
			runOnlyForDeploymentPostprocessing = 0;
		};
		D5D7C6C31958B8CF0048B576 /* Sources */ = {
			isa = PBXSourcesBuildPhase;
			buildActionMask = 2147483647;
			files = (
				D5093C6A19EF9B5700139262 /* NSPersistentStoreCoordinatorTests.swift in Sources */,
				D5FE0FC819F4E0D4008DC1ED /* EmployeeWithRelations.swift in Sources */,
				D5D7C6CF1958B8CF0048B576 /* CoreDataKitTests.swift in Sources */,
				D5FE0FC619F4E0D3008DC1ED /* Car.swift in Sources */,
				D5098CDD1A052D9F000CC246 /* ManagedObjectObserverTests.swift in Sources */,
				D556DF8D19EF8C71008556A8 /* CoreDataStackTests.swift in Sources */,
				D5FE0FC419F29FFD008DC1ED /* EmployeeImportable.swift in Sources */,
				D5253DA719F1591000E8B4AF /* EmployeeIncorrectEntityName.swift in Sources */,
				D595F68319EEE23000D73790 /* TestCase.swift in Sources */,
				D5EDACE319EF950B00FAC712 /* NSPersistentStoreTests.swift in Sources */,
				D595F67F19EEDE6000D73790 /* Employee.swift in Sources */,
				D5C6C63F19EEC6D60035BFFF /* NSManagedObjectContextTests.swift in Sources */,
				D595F68119EEE17B00D73790 /* Model.xcdatamodeld in Sources */,
				D56E1EAC19FF749B006A280C /* EmployeeWithRelationEmbedding.swift in Sources */,
				D56E1EAE19FF749B006A280C /* Salary.swift in Sources */,
				D5FE0FC019F286DF008DC1ED /* NSManagedObject+ImportingTests.swift in Sources */,
				D50881A71A0AC2CD007CA193 /* CoreDataStack+ImportingTests.swift in Sources */,
			);
			runOnlyForDeploymentPostprocessing = 0;
		};
/* End PBXSourcesBuildPhase section */

/* Begin PBXTargetDependency section */
		D5D7C6CA1958B8CF0048B576 /* PBXTargetDependency */ = {
			isa = PBXTargetDependency;
			target = D5D7C6BB1958B8CF0048B576 /* CoreDataKit */;
			targetProxy = D5D7C6C91958B8CF0048B576 /* PBXContainerItemProxy */;
		};
/* End PBXTargetDependency section */

/* Begin XCBuildConfiguration section */
		D5D7C6D01958B8CF0048B576 /* Debug */ = {
			isa = XCBuildConfiguration;
			buildSettings = {
				ALWAYS_SEARCH_USER_PATHS = NO;
				CLANG_CXX_LANGUAGE_STANDARD = "gnu++0x";
				CLANG_CXX_LIBRARY = "libc++";
				CLANG_ENABLE_MODULES = YES;
				CLANG_ENABLE_OBJC_ARC = YES;
				CLANG_WARN_BOOL_CONVERSION = YES;
				CLANG_WARN_CONSTANT_CONVERSION = YES;
				CLANG_WARN_DIRECT_OBJC_ISA_USAGE = YES_ERROR;
				CLANG_WARN_EMPTY_BODY = YES;
				CLANG_WARN_ENUM_CONVERSION = YES;
				CLANG_WARN_INT_CONVERSION = YES;
				CLANG_WARN_OBJC_ROOT_CLASS = YES_ERROR;
				CLANG_WARN_UNREACHABLE_CODE = YES;
				CLANG_WARN__DUPLICATE_METHOD_MATCH = YES;
				"CODE_SIGN_IDENTITY[sdk=iphoneos*]" = "iPhone Developer";
				COPY_PHASE_STRIP = NO;
				CURRENT_PROJECT_VERSION = 1;
				ENABLE_STRICT_OBJC_MSGSEND = YES;
				GCC_C_LANGUAGE_STANDARD = gnu99;
				GCC_DYNAMIC_NO_PIC = NO;
				GCC_OPTIMIZATION_LEVEL = 0;
				GCC_PREPROCESSOR_DEFINITIONS = (
					"DEBUG=1",
					"$(inherited)",
				);
				GCC_SYMBOLS_PRIVATE_EXTERN = NO;
				GCC_WARN_64_TO_32_BIT_CONVERSION = YES;
				GCC_WARN_ABOUT_RETURN_TYPE = YES_ERROR;
				GCC_WARN_UNDECLARED_SELECTOR = YES;
				GCC_WARN_UNINITIALIZED_AUTOS = YES_AGGRESSIVE;
				GCC_WARN_UNUSED_FUNCTION = YES;
				GCC_WARN_UNUSED_VARIABLE = YES;
				IPHONEOS_DEPLOYMENT_TARGET = 8.0;
				METAL_ENABLE_DEBUG_INFO = YES;
				ONLY_ACTIVE_ARCH = YES;
				SDKROOT = iphoneos;
				SWIFT_OPTIMIZATION_LEVEL = "-Onone";
				TARGETED_DEVICE_FAMILY = "1,2";
				VERSIONING_SYSTEM = "apple-generic";
				VERSION_INFO_PREFIX = "";
			};
			name = Debug;
		};
		D5D7C6D11958B8CF0048B576 /* Release */ = {
			isa = XCBuildConfiguration;
			buildSettings = {
				ALWAYS_SEARCH_USER_PATHS = NO;
				CLANG_CXX_LANGUAGE_STANDARD = "gnu++0x";
				CLANG_CXX_LIBRARY = "libc++";
				CLANG_ENABLE_MODULES = YES;
				CLANG_ENABLE_OBJC_ARC = YES;
				CLANG_WARN_BOOL_CONVERSION = YES;
				CLANG_WARN_CONSTANT_CONVERSION = YES;
				CLANG_WARN_DIRECT_OBJC_ISA_USAGE = YES_ERROR;
				CLANG_WARN_EMPTY_BODY = YES;
				CLANG_WARN_ENUM_CONVERSION = YES;
				CLANG_WARN_INT_CONVERSION = YES;
				CLANG_WARN_OBJC_ROOT_CLASS = YES_ERROR;
				CLANG_WARN_UNREACHABLE_CODE = YES;
				CLANG_WARN__DUPLICATE_METHOD_MATCH = YES;
				"CODE_SIGN_IDENTITY[sdk=iphoneos*]" = "iPhone Developer";
				COPY_PHASE_STRIP = YES;
				CURRENT_PROJECT_VERSION = 1;
				ENABLE_NS_ASSERTIONS = NO;
				ENABLE_STRICT_OBJC_MSGSEND = YES;
				GCC_C_LANGUAGE_STANDARD = gnu99;
				GCC_WARN_64_TO_32_BIT_CONVERSION = YES;
				GCC_WARN_ABOUT_RETURN_TYPE = YES_ERROR;
				GCC_WARN_UNDECLARED_SELECTOR = YES;
				GCC_WARN_UNINITIALIZED_AUTOS = YES_AGGRESSIVE;
				GCC_WARN_UNUSED_FUNCTION = YES;
				GCC_WARN_UNUSED_VARIABLE = YES;
				IPHONEOS_DEPLOYMENT_TARGET = 8.0;
				METAL_ENABLE_DEBUG_INFO = NO;
				SDKROOT = iphoneos;
				TARGETED_DEVICE_FAMILY = "1,2";
				VALIDATE_PRODUCT = YES;
				VERSIONING_SYSTEM = "apple-generic";
				VERSION_INFO_PREFIX = "";
			};
			name = Release;
		};
		D5D7C6D31958B8CF0048B576 /* Debug */ = {
			isa = XCBuildConfiguration;
			buildSettings = {
				CLANG_ENABLE_MODULES = YES;
				DEFINES_MODULE = YES;
				DYLIB_COMPATIBILITY_VERSION = 1;
				DYLIB_CURRENT_VERSION = 1;
				DYLIB_INSTALL_NAME_BASE = "@rpath";
				INFOPLIST_FILE = CoreDataKit/Info.plist;
				INSTALL_PATH = "$(LOCAL_LIBRARY_DIR)/Frameworks";
				LD_RUNPATH_SEARCH_PATHS = "$(inherited) @executable_path/Frameworks @loader_path/Frameworks";
				PRODUCT_NAME = "$(TARGET_NAME)";
				SKIP_INSTALL = YES;
				SWIFT_OPTIMIZATION_LEVEL = "-Onone";
			};
			name = Debug;
		};
		D5D7C6D41958B8CF0048B576 /* Release */ = {
			isa = XCBuildConfiguration;
			buildSettings = {
				CLANG_ENABLE_MODULES = YES;
				DEFINES_MODULE = YES;
				DYLIB_COMPATIBILITY_VERSION = 1;
				DYLIB_CURRENT_VERSION = 1;
				DYLIB_INSTALL_NAME_BASE = "@rpath";
				INFOPLIST_FILE = CoreDataKit/Info.plist;
				INSTALL_PATH = "$(LOCAL_LIBRARY_DIR)/Frameworks";
				LD_RUNPATH_SEARCH_PATHS = "$(inherited) @executable_path/Frameworks @loader_path/Frameworks";
				PRODUCT_NAME = "$(TARGET_NAME)";
				SKIP_INSTALL = YES;
			};
			name = Release;
		};
		D5D7C6D61958B8CF0048B576 /* Debug */ = {
			isa = XCBuildConfiguration;
			buildSettings = {
				FRAMEWORK_SEARCH_PATHS = (
					"$(SDKROOT)/Developer/Library/Frameworks",
					"$(inherited)",
				);
				GCC_PREPROCESSOR_DEFINITIONS = (
					"DEBUG=1",
					"$(inherited)",
				);
				INFOPLIST_FILE = CoreDataKitTests/Info.plist;
				LD_RUNPATH_SEARCH_PATHS = "$(inherited) @executable_path/Frameworks @loader_path/Frameworks";
				METAL_ENABLE_DEBUG_INFO = YES;
				PRODUCT_NAME = "$(TARGET_NAME)";
			};
			name = Debug;
		};
		D5D7C6D71958B8CF0048B576 /* Release */ = {
			isa = XCBuildConfiguration;
			buildSettings = {
				FRAMEWORK_SEARCH_PATHS = (
					"$(SDKROOT)/Developer/Library/Frameworks",
					"$(inherited)",
				);
				INFOPLIST_FILE = CoreDataKitTests/Info.plist;
				LD_RUNPATH_SEARCH_PATHS = "$(inherited) @executable_path/Frameworks @loader_path/Frameworks";
				METAL_ENABLE_DEBUG_INFO = NO;
				PRODUCT_NAME = "$(TARGET_NAME)";
			};
			name = Release;
		};
/* End XCBuildConfiguration section */

/* Begin XCConfigurationList section */
		D5D7C6B61958B8CF0048B576 /* Build configuration list for PBXProject "CoreDataKit" */ = {
			isa = XCConfigurationList;
			buildConfigurations = (
				D5D7C6D01958B8CF0048B576 /* Debug */,
				D5D7C6D11958B8CF0048B576 /* Release */,
			);
			defaultConfigurationIsVisible = 0;
			defaultConfigurationName = Release;
		};
		D5D7C6D21958B8CF0048B576 /* Build configuration list for PBXNativeTarget "CoreDataKit" */ = {
			isa = XCConfigurationList;
			buildConfigurations = (
				D5D7C6D31958B8CF0048B576 /* Debug */,
				D5D7C6D41958B8CF0048B576 /* Release */,
			);
			defaultConfigurationIsVisible = 0;
			defaultConfigurationName = Release;
		};
		D5D7C6D51958B8CF0048B576 /* Build configuration list for PBXNativeTarget "CoreDataKitTests" */ = {
			isa = XCConfigurationList;
			buildConfigurations = (
				D5D7C6D61958B8CF0048B576 /* Debug */,
				D5D7C6D71958B8CF0048B576 /* Release */,
			);
			defaultConfigurationIsVisible = 0;
			defaultConfigurationName = Release;
		};
/* End XCConfigurationList section */

/* Begin XCVersionGroup section */
		D595F67B19EEDE3100D73790 /* Model.xcdatamodeld */ = {
			isa = XCVersionGroup;
			children = (
				D595F67C19EEDE3100D73790 /* Model.xcdatamodel */,
			);
			currentVersion = D595F67C19EEDE3100D73790 /* Model.xcdatamodel */;
			path = Model.xcdatamodeld;
			sourceTree = "<group>";
			versionGroupType = wrapper.xcdatamodel;
		};
/* End XCVersionGroup section */
	};
	rootObject = D5D7C6B31958B8CF0048B576 /* Project object */;
}
